Microsoft Visual Studio Solution File, Format Version 12.00
# Generated by the LoginRadius SDK generator; DO NOT EDIT.
Project("{FAE04EC0-301F-11D3-BF4B-00C04F79EFBC}") = "LoginRadius.Sdk.Internal.OpenApi", "src\LoginRadius.Sdk.Internal.OpenApi\LoginRadius.Sdk.Internal.OpenApi.csproj", "{11111111-1111-1111-1111-111111111111}"
EndProject
Project("{FAE04EC0-301F-11D3-BF4B-00C04F79EFBC}") = "LoginRadius.Sdk", "src\LoginRadius.Sdk\LoginRadius.Sdk.csproj", "{22222222-2222-2222-2222-222222222222}"
EndProject
Project("{FAE04EC0-301F-11D3-BF4B-00C04F79EFBC}") = "LoginRadius.Sdk.Tests", "tests\LoginRadius.Sdk.Tests\LoginRadius.Sdk.Tests.csproj", "{33333333-3333-3333-3333-333333333333}"
EndProject
Project("{FAE04EC0-301F-11D3-BF4B-00C04F79EFBC}") = "LoginRadius.Sdk.Demo", "demo\LoginRadius.Sdk.Demo.csproj", "{44444444-4444-4444-4444-444444444444}"
EndProject
Project("{FAE04EC0-301F-11D3-BF4B-00C04F79EFBC}") = "LoginRadius.Sdk.Examples", "examples\LoginRadius.Sdk.Examples.csproj", "{55555555-5555-5555-5555-555555555555}"
EndProject
Global
	GlobalSection(SolutionConfigurationPlatforms) = preSolution
		Debug|Any CPU = Debug|Any CPU
		Release|Any CPU = Release|Any CPU
	EndGlobalSection
	GlobalSection(ProjectConfigurationPlatforms) = postSolution
		{11111111-1111-1111-1111-111111111111}.Debug|Any CPU.ActiveCfg = Debug|Any CPU
		{11111111-1111-1111-1111-111111111111}.Debug|Any CPU.Build.0 = Debug|Any CPU
		{11111111-1111-1111-1111-111111111111}.Release|Any CPU.ActiveCfg = Release|Any CPU
		{11111111-1111-1111-1111-111111111111}.Release|Any CPU.Build.0 = Release|Any CPU
		{22222222-2222-2222-2222-222222222222}.Debug|Any CPU.ActiveCfg = Debug|Any CPU
		{22222222-2222-2222-2222-222222222222}.Debug|Any CPU.Build.0 = Debug|Any CPU
		{22222222-2222-2222-2222-222222222222}.Release|Any CPU.ActiveCfg = Release|Any CPU
		{22222222-2222-2222-2222-222222222222}.Release|Any CPU.Build.0 = Release|Any CPU
		{33333333-3333-3333-3333-333333333333}.Debug|Any CPU.ActiveCfg = Debug|Any CPU
		{33333333-3333-3333-3333-333333333333}.Debug|Any CPU.Build.0 = Debug|Any CPU
		{33333333-3333-3333-3333-333333333333}.Release|Any CPU.ActiveCfg = Release|Any CPU
		{33333333-3333-3333-3333-333333333333}.Release|Any CPU.Build.0 = Release|Any CPU
		{44444444-4444-4444-4444-444444444444}.Debug|Any CPU.ActiveCfg = Debug|Any CPU
		{44444444-4444-4444-4444-444444444444}.Debug|Any CPU.Build.0 = Debug|Any CPU
		{44444444-4444-4444-4444-444444444444}.Release|Any CPU.ActiveCfg = Release|Any CPU
		{44444444-4444-4444-4444-444444444444}.Release|Any CPU.Build.0 = Release|Any CPU
		{55555555-5555-5555-5555-555555555555}.Debug|Any CPU.ActiveCfg = Debug|Any CPU
		{55555555-5555-5555-5555-555555555555}.Debug|Any CPU.Build.0 = Debug|Any CPU
		{55555555-5555-5555-5555-555555555555}.Release|Any CPU.ActiveCfg = Release|Any CPU
		{55555555-5555-5555-5555-555555555555}.Release|Any CPU.Build.0 = Release|Any CPU
	EndGlobalSection
EndGlobal
