
Microsoft Visual Studio Solution File, Format Version 12.00
# Visual Studio 15
VisualStudioVersion = 15.0.27703.2042
MinimumVisualStudioVersion = 10.0.40219.1
Project("{9A19103F-16F7-4668-BE54-9A1E7A4F7556}") = "dot-net-demo", "dot-net-demo\dot-net-demo.csproj", "{06151FFF-1468-42F2-A648-4871EA9A5EA2}"
EndProject
Project("{9A19103F-16F7-4668-BE54-9A1E7A4F7556}") = "LoginRadiusSDK.V2", "..\..\Source\LoginRadiusSDK.V2\LoginRadiusSDK.V2.csproj", "{59EF24E1-C310-42D5-B09C-CFBF74FEE30F}"
EndProject
Global
	GlobalSection(SolutionConfigurationPlatforms) = preSolution
		Debug|Any CPU = Debug|Any CPU
		Release|Any CPU = Release|Any CPU
	EndGlobalSection
	GlobalSection(ProjectConfigurationPlatforms) = postSolution
		{06151FFF-1468-42F2-A648-4871EA9A5EA2}.Debug|Any CPU.ActiveCfg = Debug|Any CPU
		{06151FFF-1468-42F2-A648-4871EA9A5EA2}.Debug|Any CPU.Build.0 = Debug|Any CPU
		{06151FFF-1468-42F2-A648-4871EA9A5EA2}.Release|Any CPU.ActiveCfg = Release|Any CPU
		{06151FFF-1468-42F2-A648-4871EA9A5EA2}.Release|Any CPU.Build.0 = Release|Any CPU
		{59EF24E1-C310-42D5-B09C-CFBF74FEE30F}.Debug|Any CPU.ActiveCfg = Debug|Any CPU
		{59EF24E1-C310-42D5-B09C-CFBF74FEE30F}.Debug|Any CPU.Build.0 = Debug|Any CPU
		{59EF24E1-C310-42D5-B09C-CFBF74FEE30F}.Release|Any CPU.ActiveCfg = Release|Any CPU
		{59EF24E1-C310-42D5-B09C-CFBF74FEE30F}.Release|Any CPU.Build.0 = Release|Any CPU
	EndGlobalSection
	GlobalSection(SolutionProperties) = preSolution
		HideSolutionNode = FALSE
	EndGlobalSection
	GlobalSection(ExtensibilityGlobals) = postSolution
		SolutionGuid = {486F3BF1-1DD2-4EF4-9681-7B752770AE85}
	EndGlobalSection
EndGlobal
