
Microsoft Visual Studio Solution File, Format Version 12.00
# Visual Studio Version 16
VisualStudioVersion = 16.0.30114.105
MinimumVisualStudioVersion = 10.0.40219.1
Project("{FAE04EC0-301F-11D3-BF4B-00C04F79EFBC}") = "LoginRadiusSDK.V2", "..\..\Source\LoginRadiusSDK.V2\LoginRadiusSDK.V2.csproj", "{83D8BFFE-2CA6-453D-810B-B8B8C7CC0372}"
EndProject
Project("{FAE04EC0-301F-11D3-BF4B-00C04F79EFBC}") = "dot-net-demo", "dot-net-demo\dot-net-demo.csproj", "{734957D6-4467-45B1-96CD-B493239FC666}"
EndProject
Global
	GlobalSection(SolutionConfigurationPlatforms) = preSolution
		Debug|Any CPU = Debug|Any CPU
		Release|Any CPU = Release|Any CPU
	EndGlobalSection
	GlobalSection(SolutionProperties) = preSolution
		HideSolutionNode = FALSE
	EndGlobalSection
	GlobalSection(ProjectConfigurationPlatforms) = postSolution
		{83D8BFFE-2CA6-453D-810B-B8B8C7CC0372}.Debug|Any CPU.ActiveCfg = Debug|Any CPU
		{83D8BFFE-2CA6-453D-810B-B8B8C7CC0372}.Debug|Any CPU.Build.0 = Debug|Any CPU
		{83D8BFFE-2CA6-453D-810B-B8B8C7CC0372}.Release|Any CPU.ActiveCfg = Release|Any CPU
		{83D8BFFE-2CA6-453D-810B-B8B8C7CC0372}.Release|Any CPU.Build.0 = Release|Any CPU
		{734957D6-4467-45B1-96CD-B493239FC666}.Debug|Any CPU.ActiveCfg = Debug|Any CPU
		{734957D6-4467-45B1-96CD-B493239FC666}.Debug|Any CPU.Build.0 = Debug|Any CPU
		{734957D6-4467-45B1-96CD-B493239FC666}.Release|Any CPU.ActiveCfg = Release|Any CPU
		{734957D6-4467-45B1-96CD-B493239FC666}.Release|Any CPU.Build.0 = Release|Any CPU
	EndGlobalSection
EndGlobal
