
Microsoft Visual Studio Solution File, Format Version 12.00
# Visual Studio 15
VisualStudioVersion = 15.0.27004.2005
MinimumVisualStudioVersion = 10.0.40219.1
Project("{FAE04EC0-301F-11D3-BF4B-00C04F79EFBC}") = "LoginRadiusSDK.V2.Sample", "LoginRadiusSDK.V2.Sample\LoginRadiusSDK.V2.Sample.csproj", "{EDF7991D-7EC9-4AD1-8F75-AE1207916BD6}"
EndProject
Project("{FAE04EC0-301F-11D3-BF4B-00C04F79EFBC}") = "LoginRadiusSDK.V2", "..\..\Source\LoginRadiusSDK.V2\LoginRadiusSDK.V2\LoginRadiusSDK.V2.csproj", "{89A00BD2-25AD-41FD-B859-D780CB817CD2}"
EndProject
Global
	GlobalSection(SolutionConfigurationPlatforms) = preSolution
		Debug|Any CPU = Debug|Any CPU
		Release|Any CPU = Release|Any CPU
	EndGlobalSection
	GlobalSection(ProjectConfigurationPlatforms) = postSolution
		{EDF7991D-7EC9-4AD1-8F75-AE1207916BD6}.Debug|Any CPU.ActiveCfg = Debug|Any CPU
		{EDF7991D-7EC9-4AD1-8F75-AE1207916BD6}.Debug|Any CPU.Build.0 = Debug|Any CPU
		{EDF7991D-7EC9-4AD1-8F75-AE1207916BD6}.Release|Any CPU.ActiveCfg = Release|Any CPU
		{EDF7991D-7EC9-4AD1-8F75-AE1207916BD6}.Release|Any CPU.Build.0 = Release|Any CPU
		{89A00BD2-25AD-41FD-B859-D780CB817CD2}.Debug|Any CPU.ActiveCfg = Debug|Any CPU
		{89A00BD2-25AD-41FD-B859-D780CB817CD2}.Debug|Any CPU.Build.0 = Debug|Any CPU
		{89A00BD2-25AD-41FD-B859-D780CB817CD2}.Release|Any CPU.ActiveCfg = Release|Any CPU
		{89A00BD2-25AD-41FD-B859-D780CB817CD2}.Release|Any CPU.Build.0 = Release|Any CPU
	EndGlobalSection
	GlobalSection(SolutionProperties) = preSolution
		HideSolutionNode = FALSE
	EndGlobalSection
	GlobalSection(ExtensibilityGlobals) = postSolution
		SolutionGuid = {5753C705-9483-48F6-B154-B32F46EE6C9C}
	EndGlobalSection
EndGlobal
